// !$*UTF8*$!
{
	archiveVersion = 1;
	classes = {
	};
	objectVersion = 50;
	objects = {

/* Begin PBXBuildFile section */
		192366B62542FE3B00EEAA7F /* AppDelegate.swift in Sources */ = {isa = PBXBuildFile; fileRef = 192366B52542FE3B00EEAA7F /* AppDelegate.swift */; };
		192366BB2542FE3B00EEAA7F /* Main.storyboard in Resources */ = {isa = PBXBuildFile; fileRef = 192366B92542FE3B00EEAA7F /* Main.storyboard */; };
		192366C02542FE3B00EEAA7F /* LaunchScreen.storyboard in Resources */ = {isa = PBXBuildFile; fileRef = 192366BE2542FE3B00EEAA7F /* LaunchScreen.storyboard */; };
		192366CB2542FE3B00EEAA7F /* testTests.swift in Sources */ = {isa = PBXBuildFile; fileRef = 192366CA2542FE3B00EEAA7F /* testTests.swift */; };
		192366D62542FE3B00EEAA7F /* testUITests.swift in Sources */ = {isa = PBXBuildFile; fileRef = 192366D52542FE3B00EEAA7F /* testUITests.swift */; };
		192366EB2542FF8300EEAA7F /* MealViewController.swift in Sources */ = {isa = PBXBuildFile; fileRef = 192366EA2542FF8300EEAA7F /* MealViewController.swift */; };
		192366ED2542FFF100EEAA7F /* RatingController.swift in Sources */ = {isa = PBXBuildFile; fileRef = 192366EC2542FFF100EEAA7F /* RatingController.swift */; };
		192366EF2543004900EEAA7F /* Meal.swift in Sources */ = {isa = PBXBuildFile; fileRef = 192366EE2543004900EEAA7F /* Meal.swift */; };
		192366F12543006A00EEAA7F /* MealTableViewCell.swift in Sources */ = {isa = PBXBuildFile; fileRef = 192366F02543006A00EEAA7F /* MealTableViewCell.swift */; };
		192366F3254300A100EEAA7F /* MealTableViewController.swift in Sources */ = {isa = PBXBuildFile; fileRef = 192366F2254300A100EEAA7F /* MealTableViewController.swift */; };
		192366F82545AF1800EEAA7F /* Assets.xcassets in Resources */ = {isa = PBXBuildFile; fileRef = 192366F72545AF1800EEAA7F /* Assets.xcassets */; };
/* End PBXBuildFile section */

/* Begin PBXContainerItemProxy section */
		192366C72542FE3B00EEAA7F /* PBXContainerItemProxy */ = {
			isa = PBXContainerItemProxy;
			containerPortal = 192366AA2542FE3B00EEAA7F /* Project object */;
			proxyType = 1;
			remoteGlobalIDString = 192366B12542FE3B00EEAA7F;
			remoteInfo = test;
		};
		192366D22542FE3B00EEAA7F /* PBXContainerItemProxy */ = {
			isa = PBXContainerItemProxy;
			containerPortal = 192366AA2542FE3B00EEAA7F /* Project object */;
			proxyType = 1;
			remoteGlobalIDString = 192366B12542FE3B00EEAA7F;
			remoteInfo = test;
		};
/* End PBXContainerItemProxy section */

/* Begin PBXFileReference section */
		192366B22542FE3B00EEAA7F /* test.app */ = {isa = PBXFileReference; explicitFileType = wrapper.application; includeInIndex = 0; path = test.app; sourceTree = BUILT_PRODUCTS_DIR; };
		192366B52542FE3B00EEAA7F /* AppDelegate.swift */ = {isa = PBXFileReference; lastKnownFileType = sourcecode.swift; path = AppDelegate.swift; sourceTree = "<group>"; };
		192366BA2542FE3B00EEAA7F /* Base */ = {isa = PBXFileReference; lastKnownFileType = file.storyboard; name = Base; path = Base.lproj/Main.storyboard; sourceTree = "<group>"; };
		192366BF2542FE3B00EEAA7F /* Base */ = {isa = PBXFileReference; lastKnownFileType = file.storyboard; name = Base; path = Base.lproj/LaunchScreen.storyboard; sourceTree = "<group>"; };
		192366C12542FE3B00EEAA7F /* Info.plist */ = {isa = PBXFileReference; lastKnownFileType = text.plist.xml; path = Info.plist; sourceTree = "<group>"; };
		192366C62542FE3B00EEAA7F /* testTests.xctest */ = {isa = PBXFileReference; explicitFileType = wrapper.cfbundle; includeInIndex = 0; path = testTests.xctest; sourceTree = BUILT_PRODUCTS_DIR; };
		192366CA2542FE3B00EEAA7F /* testTests.swift */ = {isa = PBXFileReference; lastKnownFileType = sourcecode.swift; path = testTests.swift; sourceTree = "<group>"; };
		192366CC2542FE3B00EEAA7F /* Info.plist */ = {isa = PBXFileReference; lastKnownFileType = text.plist.xml; path = Info.plist; sourceTree = "<group>"; };
		192366D12542FE3B00EEAA7F /* testUITests.xctest */ = {isa = PBXFileReference; explicitFileType = wrapper.cfbundle; includeInIndex = 0; path = testUITests.xctest; sourceTree = BUILT_PRODUCTS_DIR; };
		192366D52542FE3B00EEAA7F /* testUITests.swift */ = {isa = PBXFileReference; lastKnownFileType = sourcecode.swift; path = testUITests.swift; sourceTree = "<group>"; };
		192366D72542FE3B00EEAA7F /* Info.plist */ = {isa = PBXFileReference; lastKnownFileType = text.plist.xml; path = Info.plist; sourceTree = "<group>"; };
		192366EA2542FF8300EEAA7F /* MealViewController.swift */ = {isa = PBXFileReference; lastKnownFileType = sourcecode.swift; path = MealViewController.swift; sourceTree = "<group>"; };
		192366EC2542FFF100EEAA7F /* RatingController.swift */ = {isa = PBXFileReference; lastKnownFileType = sourcecode.swift; path = RatingController.swift; sourceTree = "<group>"; };
		192366EE2543004900EEAA7F /* Meal.swift */ = {isa = PBXFileReference; lastKnownFileType = sourcecode.swift; path = Meal.swift; sourceTree = "<group>"; };
		192366F02543006A00EEAA7F /* MealTableViewCell.swift */ = {isa = PBXFileReference; lastKnownFileType = sourcecode.swift; path = MealTableViewCell.swift; sourceTree = "<group>"; };
		192366F2254300A100EEAA7F /* MealTableViewController.swift */ = {isa = PBXFileReference; lastKnownFileType = sourcecode.swift; path = MealTableViewController.swift; sourceTree = "<group>"; };
		192366F72545AF1800EEAA7F /* Assets.xcassets */ = {isa = PBXFileReference; lastKnownFileType = folder.assetcatalog; path = Assets.xcassets; sourceTree = "<group>"; };
/* End PBXFileReference section */

/* Begin PBXFrameworksBuildPhase section */
		192366AF2542FE3B00EEAA7F /* Frameworks */ = {
			isa = PBXFrameworksBuildPhase;
			buildActionMask = 2147483647;
			files = (
			);
			runOnlyForDeploymentPostprocessing = 0;
		};
		192366C32542FE3B00EEAA7F /* Frameworks */ = {
			isa = PBXFrameworksBuildPhase;
			buildActionMask = 2147483647;
			files = (
			);
			runOnlyForDeploymentPostprocessing = 0;
		};
		192366CE2542FE3B00EEAA7F /* Frameworks */ = {
			isa = PBXFrameworksBuildPhase;
			buildActionMask = 2147483647;
			files = (
			);
			runOnlyForDeploymentPostprocessing = 0;
		};
/* End PBXFrameworksBuildPhase section */

/* Begin PBXGroup section */
		192366A92542FE3B00EEAA7F = {
			isa = PBXGroup;
			children = (
				192366B42542FE3B00EEAA7F /* test */,
				192366C92542FE3B00EEAA7F /* testTests */,
				192366D42542FE3B00EEAA7F /* testUITests */,
				192366B32542FE3B00EEAA7F /* Products */,
			);
			sourceTree = "<group>";
		};
		192366B32542FE3B00EEAA7F /* Products */ = {
			isa = PBXGroup;
			children = (
				192366B22542FE3B00EEAA7F /* test.app */,
				192366C62542FE3B00EEAA7F /* testTests.xctest */,
				192366D12542FE3B00EEAA7F /* testUITests.xctest */,
			);
			name = Products;
			sourceTree = "<group>";
		};
		192366B42542FE3B00EEAA7F /* test */ = {
			isa = PBXGroup;
			children = (
				192366B52542FE3B00EEAA7F /* AppDelegate.swift */,
				192366B92542FE3B00EEAA7F /* Main.storyboard */,
				192366BE2542FE3B00EEAA7F /* LaunchScreen.storyboard */,
				192366C12542FE3B00EEAA7F /* Info.plist */,
				192366EA2542FF8300EEAA7F /* MealViewController.swift */,
				192366F72545AF1800EEAA7F /* Assets.xcassets */,
				192366EC2542FFF100EEAA7F /* RatingController.swift */,
				192366EE2543004900EEAA7F /* Meal.swift */,
				192366F02543006A00EEAA7F /* MealTableViewCell.swift */,
				192366F2254300A100EEAA7F /* MealTableViewController.swift */,
			);
			path = test;
			sourceTree = "<group>";
		};
		192366C92542FE3B00EEAA7F /* testTests */ = {
			isa = PBXGroup;
			children = (
				192366CA2542FE3B00EEAA7F /* testTests.swift */,
				192366CC2542FE3B00EEAA7F /* Info.plist */,
			);
			path = testTests;
			sourceTree = "<group>";
		};
		192366D42542FE3B00EEAA7F /* testUITests */ = {
			isa = PBXGroup;
			children = (
				192366D52542FE3B00EEAA7F /* testUITests.swift */,
				192366D72542FE3B00EEAA7F /* Info.plist */,
			);
			path = testUITests;
			sourceTree = "<group>";
		};
/* End PBXGroup section */

/* Begin PBXNativeTarget section */
		192366B12542FE3B00EEAA7F /* test */ = {
			isa = PBXNativeTarget;
			buildConfigurationList = 192366DA2542FE3B00EEAA7F /* Build configuration list for PBXNativeTarget "test" */;
			buildPhases = (
				192366AE2542FE3B00EEAA7F /* Sources */,
				192366AF2542FE3B00EEAA7F /* Frameworks */,
				192366B02542FE3B00EEAA7F /* Resources */,
			);
			buildRules = (
			);
			dependencies = (
			);
			name = test;
			productName = test;
			productReference = 192366B22542FE3B00EEAA7F /* test.app */;
			productType = "com.apple.product-type.application";
		};
		192366C52542FE3B00EEAA7F /* testTests */ = {
			isa = PBXNativeTarget;
			buildConfigurationList = 192366DD2542FE3B00EEAA7F /* Build configuration list for PBXNativeTarget "testTests" */;
			buildPhases = (
				192366C22542FE3B00EEAA7F /* Sources */,
				192366C32542FE3B00EEAA7F /* Frameworks */,
				192366C42542FE3B00EEAA7F /* Resources */,
			);
			buildRules = (
			);
			dependencies = (
				192366C82542FE3B00EEAA7F /* PBXTargetDependency */,
			);
			name = testTests;
			productName = testTests;
			productReference = 192366C62542FE3B00EEAA7F /* testTests.xctest */;
			productType = "com.apple.product-type.bundle.unit-test";
		};
		192366D02542FE3B00EEAA7F /* testUITests */ = {
			isa = PBXNativeTarget;
			buildConfigurationList = 192366E02542FE3B00EEAA7F /* Build configuration list for PBXNativeTarget "testUITests" */;
			buildPhases = (
				192366CD2542FE3B00EEAA7F /* Sources */,
				192366CE2542FE3B00EEAA7F /* Frameworks */,
				192366CF2542FE3B00EEAA7F /* Resources */,
			);
			buildRules = (
			);
			dependencies = (
				192366D32542FE3B00EEAA7F /* PBXTargetDependency */,
			);
			name = testUITests;
			productName = testUITests;
			productReference = 192366D12542FE3B00EEAA7F /* testUITests.xctest */;
			productType = "com.apple.product-type.bundle.ui-testing";
		};
/* End PBXNativeTarget section */

/* Begin PBXProject section */
		192366AA2542FE3B00EEAA7F /* Project object */ = {
			isa = PBXProject;
			attributes = {
				LastSwiftUpdateCheck = 1010;
				LastUpgradeCheck = 1010;
				ORGANIZATIONNAME = ykq;
				TargetAttributes = {
					192366B12542FE3B00EEAA7F = {
						CreatedOnToolsVersion = 10.1;
					};
					192366C52542FE3B00EEAA7F = {
						CreatedOnToolsVersion = 10.1;
						TestTargetID = 192366B12542FE3B00EEAA7F;
					};
					192366D02542FE3B00EEAA7F = {
						CreatedOnToolsVersion = 10.1;
						TestTargetID = 192366B12542FE3B00EEAA7F;
					};
				};
			};
			buildConfigurationList = 192366AD2542FE3B00EEAA7F /* Build configuration list for PBXProject "test" */;
			compatibilityVersion = "Xcode 9.3";
			developmentRegion = en;
			hasScannedForEncodings = 0;
			knownRegions = (
				en,
				Base,
			);
			mainGroup = 192366A92542FE3B00EEAA7F;
			productRefGroup = 192366B32542FE3B00EEAA7F /* Products */;
			projectDirPath = "";
			projectRoot = "";
			targets = (
				192366B12542FE3B00EEAA7F /* test */,
				192366C52542FE3B00EEAA7F /* testTests */,
				192366D02542FE3B00EEAA7F /* testUITests */,
			);
		};
/* End PBXProject section */

/* Begin PBXResourcesBuildPhase section */
		192366B02542FE3B00EEAA7F /* Resources */ = {
			isa = PBXResourcesBuildPhase;
			buildActionMask = 2147483647;
			files = (
				192366C02542FE3B00EEAA7F /* LaunchScreen.storyboard in Resources */,
				192366F82545AF1800EEAA7F /* Assets.xcassets in Resources */,
				192366BB2542FE3B00EEAA7F /* Main.storyboard in Resources */,
			);
			runOnlyForDeploymentPostprocessing = 0;
		};
		192366C42542FE3B00EEAA7F /* Resources */ = {
			isa = PBXResourcesBuildPhase;
			buildActionMask = 2147483647;
			files = (
			);
			runOnlyForDeploymentPostprocessing = 0;
		};
		192366CF2542FE3B00EEAA7F /* Resources */ = {
			isa = PBXResourcesBuildPhase;
			buildActionMask = 2147483647;
			files = (
			);
			runOnlyForDeploymentPostprocessing = 0;
		};
/* End PBXResourcesBuildPhase section */

/* Begin PBXSourcesBuildPhase section */
		192366AE2542FE3B00EEAA7F /* Sources */ = {
			isa = PBXSourcesBuildPhase;
			buildActionMask = 2147483647;
			files = (
				192366EF2543004900EEAA7F /* Meal.swift in Sources */,
				192366F3254300A100EEAA7F /* MealTableViewController.swift in Sources */,
				192366F12543006A00EEAA7F /* MealTableViewCell.swift in Sources */,
				192366B62542FE3B00EEAA7F /* AppDelegate.swift in Sources */,
				192366ED2542FFF100EEAA7F /* RatingController.swift in Sources */,
				192366EB2542FF8300EEAA7F /* MealViewController.swift in Sources */,
			);
			runOnlyForDeploymentPostprocessing = 0;
		};
		192366C22542FE3B00EEAA7F /* Sources */ = {
			isa = PBXSourcesBuildPhase;
			buildActionMask = 2147483647;
			files = (
				192366CB2542FE3B00EEAA7F /* testTests.swift in Sources */,
			);
			runOnlyForDeploymentPostprocessing = 0;
		};
		192366CD2542FE3B00EEAA7F /* Sources */ = {
			isa = PBXSourcesBuildPhase;
			buildActionMask = 2147483647;
			files = (
				192366D62542FE3B00EEAA7F /* testUITests.swift in Sources */,
			);
			runOnlyForDeploymentPostprocessing = 0;
		};
/* End PBXSourcesBuildPhase section */

/* Begin PBXTargetDependency section */
		192366C82542FE3B00EEAA7F /* PBXTargetDependency */ = {
			isa = PBXTargetDependency;
			target = 192366B12542FE3B00EEAA7F /* test */;
			targetProxy = 192366C72542FE3B00EEAA7F /* PBXContainerItemProxy */;
		};
		192366D32542FE3B00EEAA7F /* PBXTargetDependency */ = {
			isa = PBXTargetDependency;
			target = 192366B12542FE3B00EEAA7F /* test */;
			targetProxy = 192366D22542FE3B00EEAA7F /* PBXContainerItemProxy */;
		};
/* End PBXTargetDependency section */

/* Begin PBXVariantGroup section */
		192366B92542FE3B00EEAA7F /* Main.storyboard */ = {
			isa = PBXVariantGroup;
			children = (
				192366BA2542FE3B00EEAA7F /* Base */,
			);
			name = Main.storyboard;
			sourceTree = "<group>";
		};
		192366BE2542FE3B00EEAA7F /* LaunchScreen.storyboard */ = {
			isa = PBXVariantGroup;
			children = (
				192366BF2542FE3B00EEAA7F /* Base */,
			);
			name = LaunchScreen.storyboard;
			sourceTree = "<group>";
		};
/* End PBXVariantGroup section */

/* Begin XCBuildConfiguration section */
		192366D82542FE3B00EEAA7F /* Debug */ = {
			isa = XCBuildConfiguration;
			buildSettings = {
				ALWAYS_SEARCH_USER_PATHS = NO;
				CLANG_ANALYZER_NONNULL = YES;
				CLANG_ANALYZER_NUMBER_OBJECT_CONVERSION = YES_AGGRESSIVE;
				CLANG_CXX_LANGUAGE_STANDARD = "gnu++14";
				CLANG_CXX_LIBRARY = "libc++";
				CLANG_ENABLE_MODULES = YES;
				CLANG_ENABLE_OBJC_ARC = YES;
				CLANG_ENABLE_OBJC_WEAK = YES;
				CLANG_WARN_BLOCK_CAPTURE_AUTORELEASING = YES;
				CLANG_WARN_BOOL_CONVERSION = YES;
				CLANG_WARN_COMMA = YES;
				CLANG_WARN_CONSTANT_CONVERSION = YES;
				CLANG_WARN_DEPRECATED_OBJC_IMPLEMENTATIONS = YES;
				CLANG_WARN_DIRECT_OBJC_ISA_USAGE = YES_ERROR;
				CLANG_WARN_DOCUMENTATION_COMMENTS = YES;
				CLANG_WARN_EMPTY_BODY = YES;
				CLANG_WARN_ENUM_CONVERSION = YES;
				CLANG_WARN_INFINITE_RECURSION = YES;
				CLANG_WARN_INT_CONVERSION = YES;
				CLANG_WARN_NON_LITERAL_NULL_CONVERSION = YES;
				CLANG_WARN_OBJC_IMPLICIT_RETAIN_SELF = YES;
				CLANG_WARN_OBJC_LITERAL_CONVERSION = YES;
				CLANG_WARN_OBJC_ROOT_CLASS = YES_ERROR;
				CLANG_WARN_RANGE_LOOP_ANALYSIS = YES;
				CLANG_WARN_STRICT_PROTOTYPES = YES;
				CLANG_WARN_SUSPICIOUS_MOVE = YES;
				CLANG_WARN_UNGUARDED_AVAILABILITY = YES_AGGRESSIVE;
				CLANG_WARN_UNREACHABLE_CODE = YES;
				CLANG_WARN__DUPLICATE_METHOD_MATCH = YES;
				CODE_SIGN_IDENTITY = "iPhone Developer";
				COPY_PHASE_STRIP = NO;
				DEBUG_INFORMATION_FORMAT = dwarf;
				ENABLE_STRICT_OBJC_MSGSEND = YES;
				ENABLE_TESTABILITY = YES;
				GCC_C_LANGUAGE_STANDARD = gnu11;
				GCC_DYNAMIC_NO_PIC = NO;
				GCC_NO_COMMON_BLOCKS = YES;
				GCC_OPTIMIZATION_LEVEL = 0;
				GCC_PREPROCESSOR_DEFINITIONS = (
					"DEBUG=1",
					"$(inherited)",
				);
				GCC_WARN_64_TO_32_BIT_CONVERSION = YES;
				GCC_WARN_ABOUT_RETURN_TYPE = YES_ERROR;
				GCC_WARN_UNDECLARED_SELECTOR = YES;
				GCC_WARN_UNINITIALIZED_AUTOS = YES_AGGRESSIVE;
				GCC_WARN_UNUSED_FUNCTION = YES;
				GCC_WARN_UNUSED_VARIABLE = YES;
				IPHONEOS_DEPLOYMENT_TARGET = 12.1;
				MTL_ENABLE_DEBUG_INFO = INCLUDE_SOURCE;
				MTL_FAST_MATH = YES;
				ONLY_ACTIVE_ARCH = YES;
				SDKROOT = iphoneos;
				SWIFT_ACTIVE_COMPILATION_CONDITIONS = DEBUG;
				SWIFT_OPTIMIZATION_LEVEL = "-Onone";
			};
			name = Debug;
		};
		192366D92542FE3B00EEAA7F /* Release */ = {
			isa = XCBuildConfiguration;
			buildSettings = {
				ALWAYS_SEARCH_USER_PATHS = NO;
				CLANG_ANALYZER_NONNULL = YES;
				CLANG_ANALYZER_NUMBER_OBJECT_CONVERSION = YES_AGGRESSIVE;
				CLANG_CXX_LANGUAGE_STANDARD = "gnu++14";
				CLANG_CXX_LIBRARY = "libc++";
				CLANG_ENABLE_MODULES = YES;
				CLANG_ENABLE_OBJC_ARC = YES;
				CLANG_ENABLE_OBJC_WEAK = YES;
				CLANG_WARN_BLOCK_CAPTURE_AUTORELEASING = YES;
				CLANG_WARN_BOOL_CONVERSION = YES;
				CLANG_WARN_COMMA = YES;
				CLANG_WARN_CONSTANT_CONVERSION = YES;
				CLANG_WARN_DEPRECATED_OBJC_IMPLEMENTATIONS = YES;
				CLANG_WARN_DIRECT_OBJC_ISA_USAGE = YES_ERROR;
				CLANG_WARN_DOCUMENTATION_COMMENTS = YES;
				CLANG_WARN_EMPTY_BODY = YES;
				CLANG_WARN_ENUM_CONVERSION = YES;
				CLANG_WARN_INFINITE_RECURSION = YES;
				CLANG_WARN_INT_CONVERSION = YES;
				CLANG_WARN_NON_LITERAL_NULL_CONVERSION = YES;
				CLANG_WARN_OBJC_IMPLICIT_RETAIN_SELF = YES;
				CLANG_WARN_OBJC_LITERAL_CONVERSION = YES;
				CLANG_WARN_OBJC_ROOT_CLASS = YES_ERROR;
				CLANG_WARN_RANGE_LOOP_ANALYSIS = YES;
				CLANG_WARN_STRICT_PROTOTYPES = YES;
				CLANG_WARN_SUSPICIOUS_MOVE = YES;
				CLANG_WARN_UNGUARDED_AVAILABILITY = YES_AGGRESSIVE;
				CLANG_WARN_UNREACHABLE_CODE = YES;
				CLANG_WARN__DUPLICATE_METHOD_MATCH = YES;
				CODE_SIGN_IDENTITY = "iPhone Developer";
				COPY_PHASE_STRIP = NO;
				DEBUG_INFORMATION_FORMAT = "dwarf-with-dsym";
				ENABLE_NS_ASSERTIONS = NO;
				ENABLE_STRICT_OBJC_MSGSEND = YES;
				GCC_C_LANGUAGE_STANDARD = gnu11;
				GCC_NO_COMMON_BLOCKS = YES;
				GCC_WARN_64_TO_32_BIT_CONVERSION = YES;
				GCC_WARN_ABOUT_RETURN_TYPE = YES_ERROR;
				GCC_WARN_UNDECLARED_SELECTOR = YES;
				GCC_WARN_UNINITIALIZED_AUTOS = YES_AGGRESSIVE;
				GCC_WARN_UNUSED_FUNCTION = YES;
				GCC_WARN_UNUSED_VARIABLE = YES;
				IPHONEOS_DEPLOYMENT_TARGET = 12.1;
				MTL_ENABLE_DEBUG_INFO = NO;
				MTL_FAST_MATH = YES;
				SDKROOT = iphoneos;
				SWIFT_COMPILATION_MODE = wholemodule;
				SWIFT_OPTIMIZATION_LEVEL = "-O";
				VALIDATE_PRODUCT = YES;
			};
			name = Release;
		};
		192366DB2542FE3B00EEAA7F /* Debug */ = {
			isa = XCBuildConfiguration;
			buildSettings = {
				ASSETCATALOG_COMPILER_APPICON_NAME = AppIcon;
				CODE_SIGN_STYLE = Automatic;
				INFOPLIST_FILE = test/Info.plist;
				LD_RUNPATH_SEARCH_PATHS = (
					"$(inherited)",
					"@executable_path/Frameworks",
				);
				PRODUCT_BUNDLE_IDENTIFIER = "-1.test";
				PRODUCT_NAME = "$(TARGET_NAME)";
				SWIFT_VERSION = 4.2;
				TARGETED_DEVICE_FAMILY = "1,2";
			};
			name = Debug;
		};
		192366DC2542FE3B00EEAA7F /* Release */ = {
			isa = XCBuildConfiguration;
			buildSettings = {
				ASSETCATALOG_COMPILER_APPICON_NAME = AppIcon;
				CODE_SIGN_STYLE = Automatic;
				INFOPLIST_FILE = test/Info.plist;
				LD_RUNPATH_SEARCH_PATHS = (
					"$(inherited)",
					"@executable_path/Frameworks",
				);
				PRODUCT_BUNDLE_IDENTIFIER = "-1.test";
				PRODUCT_NAME = "$(TARGET_NAME)";
				SWIFT_VERSION = 4.2;
				TARGETED_DEVICE_FAMILY = "1,2";
			};
			name = Release;
		};
		192366DE2542FE3B00EEAA7F /* Debug */ = {
			isa = XCBuildConfiguration;
			buildSettings = {
				ALWAYS_EMBED_SWIFT_STANDARD_LIBRARIES = YES;
				BUNDLE_LOADER = "$(TEST_HOST)";
				CODE_SIGN_STYLE = Automatic;
				INFOPLIST_FILE = testTests/Info.plist;
				LD_RUNPATH_SEARCH_PATHS = (
					"$(inherited)",
					"@executable_path/Frameworks",
					"@loader_path/Frameworks",
				);
				PRODUCT_BUNDLE_IDENTIFIER = "-1.testTests";
				PRODUCT_NAME = "$(TARGET_NAME)";
				SWIFT_VERSION = 4.2;
				TARGETED_DEVICE_FAMILY = "1,2";
				TEST_HOST = "$(BUILT_PRODUCTS_DIR)/test.app/test";
			};
			name = Debug;
		};
		192366DF2542FE3B00EEAA7F /* Release */ = {
			isa = XCBuildConfiguration;
			buildSettings = {
				ALWAYS_EMBED_SWIFT_STANDARD_LIBRARIES = YES;
				BUNDLE_LOADER = "$(TEST_HOST)";
				CODE_SIGN_STYLE = Automatic;
				INFOPLIST_FILE = testTests/Info.plist;
				LD_RUNPATH_SEARCH_PATHS = (
					"$(inherited)",
					"@executable_path/Frameworks",
					"@loader_path/Frameworks",
				);
				PRODUCT_BUNDLE_IDENTIFIER = "-1.testTests";
				PRODUCT_NAME = "$(TARGET_NAME)";
				SWIFT_VERSION = 4.2;
				TARGETED_DEVICE_FAMILY = "1,2";
				TEST_HOST = "$(BUILT_PRODUCTS_DIR)/test.app/test";
			};
			name = Release;
		};
		192366E12542FE3B00EEAA7F /* Debug */ = {
			isa = XCBuildConfiguration;
			buildSettings = {
				ALWAYS_EMBED_SWIFT_STANDARD_LIBRARIES = YES;
				CODE_SIGN_STYLE = Automatic;
				INFOPLIST_FILE = testUITests/Info.plist;
				LD_RUNPATH_SEARCH_PATHS = (
					"$(inherited)",
					"@executable_path/Frameworks",
					"@loader_path/Frameworks",
				);
				PRODUCT_BUNDLE_IDENTIFIER = "-1.testUITests";
				PRODUCT_NAME = "$(TARGET_NAME)";
				SWIFT_VERSION = 4.2;
				TARGETED_DEVICE_FAMILY = "1,2";
				TEST_TARGET_NAME = test;
			};
			name = Debug;
		};
		192366E22542FE3B00EEAA7F /* Release */ = {
			isa = XCBuildConfiguration;
			buildSettings = {
				ALWAYS_EMBED_SWIFT_STANDARD_LIBRARIES = YES;
				CODE_SIGN_STYLE = Automatic;
				INFOPLIST_FILE = testUITests/Info.plist;
				LD_RUNPATH_SEARCH_PATHS = (
					"$(inherited)",
					"@executable_path/Frameworks",
					"@loader_path/Frameworks",
				);
				PRODUCT_BUNDLE_IDENTIFIER = "-1.testUITests";
				PRODUCT_NAME = "$(TARGET_NAME)";
				SWIFT_VERSION = 4.2;
				TARGETED_DEVICE_FAMILY = "1,2";
				TEST_TARGET_NAME = test;
			};
			name = Release;
		};
/* End XCBuildConfiguration section */

/* Begin XCConfigurationList section */
		192366AD2542FE3B00EEAA7F /* Build configuration list for PBXProject "test" */ = {
			isa = XCConfigurationList;
			buildConfigurations = (
				192366D82542FE3B00EEAA7F /* Debug */,
				192366D92542FE3B00EEAA7F /* Release */,
			);
			defaultConfigurationIsVisible = 0;
			defaultConfigurationName = Release;
		};
		192366DA2542FE3B00EEAA7F /* Build configuration list for PBXNativeTarget "test" */ = {
			isa = XCConfigurationList;
			buildConfigurations = (
				192366DB2542FE3B00EEAA7F /* Debug */,
				192366DC2542FE3B00EEAA7F /* Release */,
			);
			defaultConfigurationIsVisible = 0;
			defaultConfigurationName = Release;
		};
		192366DD2542FE3B00EEAA7F /* Build configuration list for PBXNativeTarget "testTests" */ = {
			isa = XCConfigurationList;
			buildConfigurations = (
				192366DE2542FE3B00EEAA7F /* Debug */,
				192366DF2542FE3B00EEAA7F /* Release */,
			);
			defaultConfigurationIsVisible = 0;
			defaultConfigurationName = Release;
		};
		192366E02542FE3B00EEAA7F /* Build configuration list for PBXNativeTarget "testUITests" */ = {
			isa = XCConfigurationList;
			buildConfigurations = (
				192366E12542FE3B00EEAA7F /* Debug */,
				192366E22542FE3B00EEAA7F /* Release */,
			);
			defaultConfigurationIsVisible = 0;
			defaultConfigurationName = Release;
		};
/* End XCConfigurationList section */
	};
	rootObject = 192366AA2542FE3B00EEAA7F /* Project object */;
}
